// !$*UTF8*$!
{
	archiveVersion = 1;
	classes = {
	};
	objectVersion = 46;
	objects = {

/* Begin PBXBuildFile section */
		1B0E0574F0BE595BC951C28F /* Pods_Big_Buzz.framework in Frameworks */ = {isa = PBXBuildFile; fileRef = C44FB6B07518E58FEBDD71E9 /* Pods_Big_Buzz.framework */; };
		4502C87A1D479DEC00AC3015 /* QuestionManager.swift in Sources */ = {isa = PBXBuildFile; fileRef = 4502C8791D479DEC00AC3015 /* QuestionManager.swift */; };
		450CB2F41D3148E1001F6850 /* NSDate+BigBuzz.swift in Sources */ = {isa = PBXBuildFile; fileRef = 450CB2F31D3148E1001F6850 /* NSDate+BigBuzz.swift */; };
		450CB2F81D317F36001F6850 /* ResultsHeaderView.swift in Sources */ = {isa = PBXBuildFile; fileRef = 450CB2F71D317F36001F6850 /* ResultsHeaderView.swift */; };
		450CB2FA1D317F76001F6850 /* ResultsHeaderView.xib in Resources */ = {isa = PBXBuildFile; fileRef = 450CB2F91D317F76001F6850 /* ResultsHeaderView.xib */; };
		450CB2FD1D3184E4001F6850 /* ResultsArticleTableViewCell.swift in Sources */ = {isa = PBXBuildFile; fileRef = 450CB2FB1D3184E4001F6850 /* ResultsArticleTableViewCell.swift */; };
		450CB2FE1D3184E4001F6850 /* ResultsArticleTableViewCell.xib in Resources */ = {isa = PBXBuildFile; fileRef = 450CB2FC1D3184E4001F6850 /* ResultsArticleTableViewCell.xib */; };
		450CB3001D318981001F6850 /* Article.swift in Sources */ = {isa = PBXBuildFile; fileRef = 450CB2FF1D318981001F6850 /* Article.swift */; };
		450CB3041D31D7ED001F6850 /* ArticleViewController.swift in Sources */ = {isa = PBXBuildFile; fileRef = 450CB3021D31D7ED001F6850 /* ArticleViewController.swift */; };
		450CB3051D31D7ED001F6850 /* ArticleViewController.xib in Resources */ = {isa = PBXBuildFile; fileRef = 450CB3031D31D7ED001F6850 /* ArticleViewController.xib */; };
		450CB3081D3A882B001F6850 /* AnimationManager.swift in Sources */ = {isa = PBXBuildFile; fileRef = 450CB3071D3A882B001F6850 /* AnimationManager.swift */; };
		450DE8F31D3C2B5400C887B5 /* UserDefaultsManager.swift in Sources */ = {isa = PBXBuildFile; fileRef = 450DE8F21D3C2B5400C887B5 /* UserDefaultsManager.swift */; };
		4519DADC1D2804D8008AF99B /* AppDelegate.swift in Sources */ = {isa = PBXBuildFile; fileRef = 4519DADB1D2804D8008AF99B /* AppDelegate.swift */; };
		4519DADE1D2804D8008AF99B /* QuestionViewController.swift in Sources */ = {isa = PBXBuildFile; fileRef = 4519DADD1D2804D8008AF99B /* QuestionViewController.swift */; };
		4519DAE31D2804D8008AF99B /* Assets.xcassets in Resources */ = {isa = PBXBuildFile; fileRef = 4519DAE21D2804D8008AF99B /* Assets.xcassets */; };
		4519DAE61D2804D8008AF99B /* LaunchScreen.storyboard in Resources */ = {isa = PBXBuildFile; fileRef = 4519DAE41D2804D8008AF99B /* LaunchScreen.storyboard */; };
		4519DAEE1D28066C008AF99B /* GoogleService-Info.plist in Resources */ = {isa = PBXBuildFile; fileRef = 4519DAED1D28066C008AF99B /* GoogleService-Info.plist */; };
		45243DE61D498CB600E22E99 /* OtherQuestionsViewController.swift in Sources */ = {isa = PBXBuildFile; fileRef = 45243DE41D498CB600E22E99 /* OtherQuestionsViewController.swift */; };
		45243DE71D498CB600E22E99 /* OtherQuestionsViewController.xib in Resources */ = {isa = PBXBuildFile; fileRef = 45243DE51D498CB600E22E99 /* OtherQuestionsViewController.xib */; };
		45243DEA1D498DFD00E22E99 /* OtherQuestionsCollectionViewCell.swift in Sources */ = {isa = PBXBuildFile; fileRef = 45243DE81D498DFD00E22E99 /* OtherQuestionsCollectionViewCell.swift */; };
		45243DEB1D498DFD00E22E99 /* OtherQuestionsCollectionViewCell.xib in Resources */ = {isa = PBXBuildFile; fileRef = 45243DE91D498DFD00E22E99 /* OtherQuestionsCollectionViewCell.xib */; };
		45243DED1D49988600E22E99 /* UIColor+BigBuzz.swift in Sources */ = {isa = PBXBuildFile; fileRef = 45243DEC1D49988600E22E99 /* UIColor+BigBuzz.swift */; };
		45AA6DE41D2C6B57007F6A29 /* QuestionViewController.xib in Resources */ = {isa = PBXBuildFile; fileRef = 45AA6DE31D2C6B57007F6A29 /* QuestionViewController.xib */; };
		45AA6DE61D2C6F85007F6A29 /* Question.swift in Sources */ = {isa = PBXBuildFile; fileRef = 45AA6DE51D2C6F85007F6A29 /* Question.swift */; };
		45AA6DE81D2C7F71007F6A29 /* ResultsViewController.swift in Sources */ = {isa = PBXBuildFile; fileRef = 45AA6DE71D2C7F71007F6A29 /* ResultsViewController.swift */; };
		45AA6DEA1D2C7F81007F6A29 /* ResultsViewController.xib in Resources */ = {isa = PBXBuildFile; fileRef = 45AA6DE91D2C7F81007F6A29 /* ResultsViewController.xib */; };
		45AA6E101D2C9867007F6A29 /* Dosis-Bold.ttf in Resources */ = {isa = PBXBuildFile; fileRef = 45AA6E091D2C9867007F6A29 /* Dosis-Bold.ttf */; };
		45AA6E111D2C9867007F6A29 /* Dosis-Book.ttf in Resources */ = {isa = PBXBuildFile; fileRef = 45AA6E0A1D2C9867007F6A29 /* Dosis-Book.ttf */; };
		45AA6E121D2C9867007F6A29 /* Dosis-ExtraBold.ttf in Resources */ = {isa = PBXBuildFile; fileRef = 45AA6E0B1D2C9867007F6A29 /* Dosis-ExtraBold.ttf */; };
		45AA6E131D2C9867007F6A29 /* Dosis-ExtraLight.ttf in Resources */ = {isa = PBXBuildFile; fileRef = 45AA6E0C1D2C9867007F6A29 /* Dosis-ExtraLight.ttf */; };
		45AA6E141D2C9867007F6A29 /* Dosis-Light.ttf in Resources */ = {isa = PBXBuildFile; fileRef = 45AA6E0D1D2C9867007F6A29 /* Dosis-Light.ttf */; };
		45AA6E151D2C9867007F6A29 /* Dosis-Medium.ttf in Resources */ = {isa = PBXBuildFile; fileRef = 45AA6E0E1D2C9867007F6A29 /* Dosis-Medium.ttf */; };
		45AA6E161D2C9867007F6A29 /* Dosis-SemiBold.ttf in Resources */ = {isa = PBXBuildFile; fileRef = 45AA6E0F1D2C9867007F6A29 /* Dosis-SemiBold.ttf */; };
		45B3427F1D453B7200CDA9BB /* APIKeys.swift in Sources */ = {isa = PBXBuildFile; fileRef = 45B3427E1D453B7200CDA9BB /* APIKeys.swift */; };
		45D993CA1D2DDCF100775E30 /* UINavigationController+BigBuzz.swift in Sources */ = {isa = PBXBuildFile; fileRef = 45D993C91D2DDCF100775E30 /* UINavigationController+BigBuzz.swift */; };
/* End PBXBuildFile section */

/* Begin PBXFileReference section */
		13810BCDFA9F15C5C4C41F8F /* Pods-Big Buzz.debug.xcconfig */ = {isa = PBXFileReference; includeInIndex = 1; lastKnownFileType = text.xcconfig; name = "Pods-Big Buzz.debug.xcconfig"; path = "Pods/Target Support Files/Pods-Big Buzz/Pods-Big Buzz.debug.xcconfig"; sourceTree = "<group>"; };
		2752011DBB2AB489EA9576B7 /* Pods-Big Buzz.release.xcconfig */ = {isa = PBXFileReference; includeInIndex = 1; lastKnownFileType = text.xcconfig; name = "Pods-Big Buzz.release.xcconfig"; path = "Pods/Target Support Files/Pods-Big Buzz/Pods-Big Buzz.release.xcconfig"; sourceTree = "<group>"; };
		4502C8791D479DEC00AC3015 /* QuestionManager.swift */ = {isa = PBXFileReference; fileEncoding = 4; lastKnownFileType = sourcecode.swift; path = QuestionManager.swift; sourceTree = "<group>"; };
		450CB2F31D3148E1001F6850 /* NSDate+BigBuzz.swift */ = {isa = PBXFileReference; fileEncoding = 4; lastKnownFileType = sourcecode.swift; path = "NSDate+BigBuzz.swift"; sourceTree = "<group>"; };
		450CB2F71D317F36001F6850 /* ResultsHeaderView.swift */ = {isa = PBXFileReference; fileEncoding = 4; lastKnownFileType = sourcecode.swift; path = ResultsHeaderView.swift; sourceTree = "<group>"; };
		450CB2F91D317F76001F6850 /* ResultsHeaderView.xib */ = {isa = PBXFileReference; fileEncoding = 4; lastKnownFileType = file.xib; path = ResultsHeaderView.xib; sourceTree = "<group>"; };
		450CB2FB1D3184E4001F6850 /* ResultsArticleTableViewCell.swift */ = {isa = PBXFileReference; fileEncoding = 4; lastKnownFileType = sourcecode.swift; path = ResultsArticleTableViewCell.swift; sourceTree = "<group>"; };
		450CB2FC1D3184E4001F6850 /* ResultsArticleTableViewCell.xib */ = {isa = PBXFileReference; fileEncoding = 4; lastKnownFileType = file.xib; path = ResultsArticleTableViewCell.xib; sourceTree = "<group>"; };
		450CB2FF1D318981001F6850 /* Article.swift */ = {isa = PBXFileReference; fileEncoding = 4; lastKnownFileType = sourcecode.swift; path = Article.swift; sourceTree = "<group>"; };
		450CB3021D31D7ED001F6850 /* ArticleViewController.swift */ = {isa = PBXFileReference; fileEncoding = 4; lastKnownFileType = sourcecode.swift; path = ArticleViewController.swift; sourceTree = "<group>"; };
		450CB3031D31D7ED001F6850 /* ArticleViewController.xib */ = {isa = PBXFileReference; fileEncoding = 4; lastKnownFileType = file.xib; path = ArticleViewController.xib; sourceTree = "<group>"; };
		450CB3071D3A882B001F6850 /* AnimationManager.swift */ = {isa = PBXFileReference; fileEncoding = 4; lastKnownFileType = sourcecode.swift; path = AnimationManager.swift; sourceTree = "<group>"; };
		450DE8F21D3C2B5400C887B5 /* UserDefaultsManager.swift */ = {isa = PBXFileReference; fileEncoding = 4; lastKnownFileType = sourcecode.swift; path = UserDefaultsManager.swift; sourceTree = "<group>"; };
		4519DAD81D2804D7008AF99B /* Big Buzz.app */ = {isa = PBXFileReference; explicitFileType = wrapper.application; includeInIndex = 0; path = "Big Buzz.app"; sourceTree = BUILT_PRODUCTS_DIR; };
		4519DADB1D2804D8008AF99B /* AppDelegate.swift */ = {isa = PBXFileReference; lastKnownFileType = sourcecode.swift; path = AppDelegate.swift; sourceTree = "<group>"; };
		4519DADD1D2804D8008AF99B /* QuestionViewController.swift */ = {isa = PBXFileReference; lastKnownFileType = sourcecode.swift; path = QuestionViewController.swift; sourceTree = "<group>"; };
		4519DAE21D2804D8008AF99B /* Assets.xcassets */ = {isa = PBXFileReference; lastKnownFileType = folder.assetcatalog; path = Assets.xcassets; sourceTree = "<group>"; };
		4519DAE51D2804D8008AF99B /* Base */ = {isa = PBXFileReference; lastKnownFileType = file.storyboard; name = Base; path = Base.lproj/LaunchScreen.storyboard; sourceTree = "<group>"; };
		4519DAE71D2804D8008AF99B /* Info.plist */ = {isa = PBXFileReference; lastKnownFileType = text.plist.xml; path = Info.plist; sourceTree = "<group>"; };
		4519DAED1D28066C008AF99B /* GoogleService-Info.plist */ = {isa = PBXFileReference; fileEncoding = 4; lastKnownFileType = text.plist.xml; path = "GoogleService-Info.plist"; sourceTree = "<group>"; };
		45243DE41D498CB600E22E99 /* OtherQuestionsViewController.swift */ = {isa = PBXFileReference; fileEncoding = 4; lastKnownFileType = sourcecode.swift; path = OtherQuestionsViewController.swift; sourceTree = "<group>"; };
		45243DE51D498CB600E22E99 /* OtherQuestionsViewController.xib */ = {isa = PBXFileReference; fileEncoding = 4; lastKnownFileType = file.xib; path = OtherQuestionsViewController.xib; sourceTree = "<group>"; };
		45243DE81D498DFD00E22E99 /* OtherQuestionsCollectionViewCell.swift */ = {isa = PBXFileReference; fileEncoding = 4; lastKnownFileType = sourcecode.swift; path = OtherQuestionsCollectionViewCell.swift; sourceTree = "<group>"; };
		45243DE91D498DFD00E22E99 /* OtherQuestionsCollectionViewCell.xib */ = {isa = PBXFileReference; fileEncoding = 4; lastKnownFileType = file.xib; path = OtherQuestionsCollectionViewCell.xib; sourceTree = "<group>"; };
		45243DEC1D49988600E22E99 /* UIColor+BigBuzz.swift */ = {isa = PBXFileReference; fileEncoding = 4; lastKnownFileType = sourcecode.swift; path = "UIColor+BigBuzz.swift"; sourceTree = "<group>"; };
		45AA6DE31D2C6B57007F6A29 /* QuestionViewController.xib */ = {isa = PBXFileReference; fileEncoding = 4; lastKnownFileType = file.xib; path = QuestionViewController.xib; sourceTree = "<group>"; };
		45AA6DE51D2C6F85007F6A29 /* Question.swift */ = {isa = PBXFileReference; fileEncoding = 4; lastKnownFileType = sourcecode.swift; path = Question.swift; sourceTree = "<group>"; };
		45AA6DE71D2C7F71007F6A29 /* ResultsViewController.swift */ = {isa = PBXFileReference; fileEncoding = 4; lastKnownFileType = sourcecode.swift; path = ResultsViewController.swift; sourceTree = "<group>"; };
		45AA6DE91D2C7F81007F6A29 /* ResultsViewController.xib */ = {isa = PBXFileReference; fileEncoding = 4; lastKnownFileType = file.xib; path = ResultsViewController.xib; sourceTree = "<group>"; };
		45AA6E091D2C9867007F6A29 /* Dosis-Bold.ttf */ = {isa = PBXFileReference; lastKnownFileType = file; path = "Dosis-Bold.ttf"; sourceTree = "<group>"; };
		45AA6E0A1D2C9867007F6A29 /* Dosis-Book.ttf */ = {isa = PBXFileReference; lastKnownFileType = file; path = "Dosis-Book.ttf"; sourceTree = "<group>"; };
		45AA6E0B1D2C9867007F6A29 /* Dosis-ExtraBold.ttf */ = {isa = PBXFileReference; lastKnownFileType = file; path = "Dosis-ExtraBold.ttf"; sourceTree = "<group>"; };
		45AA6E0C1D2C9867007F6A29 /* Dosis-ExtraLight.ttf */ = {isa = PBXFileReference; lastKnownFileType = file; path = "Dosis-ExtraLight.ttf"; sourceTree = "<group>"; };
		45AA6E0D1D2C9867007F6A29 /* Dosis-Light.ttf */ = {isa = PBXFileReference; lastKnownFileType = file; path = "Dosis-Light.ttf"; sourceTree = "<group>"; };
		45AA6E0E1D2C9867007F6A29 /* Dosis-Medium.ttf */ = {isa = PBXFileReference; lastKnownFileType = file; path = "Dosis-Medium.ttf"; sourceTree = "<group>"; };
		45AA6E0F1D2C9867007F6A29 /* Dosis-SemiBold.ttf */ = {isa = PBXFileReference; lastKnownFileType = file; path = "Dosis-SemiBold.ttf"; sourceTree = "<group>"; };
		45B3427E1D453B7200CDA9BB /* APIKeys.swift */ = {isa = PBXFileReference; fileEncoding = 4; lastKnownFileType = sourcecode.swift; path = APIKeys.swift; sourceTree = "<group>"; };
		45D993C91D2DDCF100775E30 /* UINavigationController+BigBuzz.swift */ = {isa = PBXFileReference; fileEncoding = 4; lastKnownFileType = sourcecode.swift; path = "UINavigationController+BigBuzz.swift"; sourceTree = "<group>"; };
		C44FB6B07518E58FEBDD71E9 /* Pods_Big_Buzz.framework */ = {isa = PBXFileReference; explicitFileType = wrapper.framework; includeInIndex = 0; path = Pods_Big_Buzz.framework; sourceTree = BUILT_PRODUCTS_DIR; };
/* End PBXFileReference section */

/* Begin PBXFrameworksBuildPhase section */
		4519DAD51D2804D7008AF99B /* Frameworks */ = {
			isa = PBXFrameworksBuildPhase;
			buildActionMask = 2147483647;
			files = (
				1B0E0574F0BE595BC951C28F /* Pods_Big_Buzz.framework in Frameworks */,
			);
			runOnlyForDeploymentPostprocessing = 0;
		};
/* End PBXFrameworksBuildPhase section */

/* Begin PBXGroup section */
		450CB2EF1D314006001F6850 /* Models */ = {
			isa = PBXGroup;
			children = (
				45AA6DE51D2C6F85007F6A29 /* Question.swift */,
				450CB2FF1D318981001F6850 /* Article.swift */,
			);
			path = Models;
			sourceTree = "<group>";
		};
		450CB2F01D31400F001F6850 /* Screens */ = {
			isa = PBXGroup;
			children = (
				45243DDF1D49875200E22E99 /* Other Questions */,
				450CB3011D31D7CC001F6850 /* Article */,
				450CB2F11D314028001F6850 /* Question */,
				450CB2F21D31402F001F6850 /* Results */,
			);
			path = Screens;
			sourceTree = "<group>";
		};
		450CB2F11D314028001F6850 /* Question */ = {
			isa = PBXGroup;
			children = (
				4519DADD1D2804D8008AF99B /* QuestionViewController.swift */,
				45AA6DE31D2C6B57007F6A29 /* QuestionViewController.xib */,
			);
			path = Question;
			sourceTree = "<group>";
		};
		450CB2F21D31402F001F6850 /* Results */ = {
			isa = PBXGroup;
			children = (
				45AA6DE71D2C7F71007F6A29 /* ResultsViewController.swift */,
				45AA6DE91D2C7F81007F6A29 /* ResultsViewController.xib */,
				450CB2F71D317F36001F6850 /* ResultsHeaderView.swift */,
				450CB2F91D317F76001F6850 /* ResultsHeaderView.xib */,
				450CB2FB1D3184E4001F6850 /* ResultsArticleTableViewCell.swift */,
				450CB2FC1D3184E4001F6850 /* ResultsArticleTableViewCell.xib */,
			);
			path = Results;
			sourceTree = "<group>";
		};
		450CB3011D31D7CC001F6850 /* Article */ = {
			isa = PBXGroup;
			children = (
				450CB3021D31D7ED001F6850 /* ArticleViewController.swift */,
				450CB3031D31D7ED001F6850 /* ArticleViewController.xib */,
			);
			path = Article;
			sourceTree = "<group>";
		};
		450CB3061D3A87F2001F6850 /* Animations */ = {
			isa = PBXGroup;
			children = (
				450CB3071D3A882B001F6850 /* AnimationManager.swift */,
			);
			path = Animations;
			sourceTree = "<group>";
		};
		450DE8F11D3C2B3C00C887B5 /* Utilities */ = {
			isa = PBXGroup;
			children = (
				450DE8F21D3C2B5400C887B5 /* UserDefaultsManager.swift */,
				45B3427E1D453B7200CDA9BB /* APIKeys.swift */,
				4502C8791D479DEC00AC3015 /* QuestionManager.swift */,
			);
			path = Utilities;
			sourceTree = "<group>";
		};
		4519DACF1D2804D7008AF99B = {
			isa = PBXGroup;
			children = (
				4519DADA1D2804D8008AF99B /* Big Buzz */,
				4519DAD91D2804D7008AF99B /* Products */,
				6D836F0C11A54713D6F5BF10 /* Pods */,
				9DD0B132BDE65240E450B5BB /* Frameworks */,
			);
			sourceTree = "<group>";
		};
		4519DAD91D2804D7008AF99B /* Products */ = {
			isa = PBXGroup;
			children = (
				4519DAD81D2804D7008AF99B /* Big Buzz.app */,
			);
			name = Products;
			sourceTree = "<group>";
		};
		4519DADA1D2804D8008AF99B /* Big Buzz */ = {
			isa = PBXGroup;
			children = (
				450DE8F11D3C2B3C00C887B5 /* Utilities */,
				450CB3061D3A87F2001F6850 /* Animations */,
				4519DADB1D2804D8008AF99B /* AppDelegate.swift */,
				45D993C81D2DDCC900775E30 /* Extensions */,
				451D32981D2DC127006F64F3 /* Images */,
				45AA6E171D2C986C007F6A29 /* Fonts */,
				450CB2EF1D314006001F6850 /* Models */,
				450CB2F01D31400F001F6850 /* Screens */,
				4519DAE21D2804D8008AF99B /* Assets.xcassets */,
				4519DAE41D2804D8008AF99B /* LaunchScreen.storyboard */,
				4519DAE71D2804D8008AF99B /* Info.plist */,
				4519DAED1D28066C008AF99B /* GoogleService-Info.plist */,
			);
			path = "Big Buzz";
			sourceTree = "<group>";
		};
		451D32981D2DC127006F64F3 /* Images */ = {
			isa = PBXGroup;
			children = (
			);
			path = Images;
			sourceTree = "<group>";
		};
		45243DDF1D49875200E22E99 /* Other Questions */ = {
			isa = PBXGroup;
			children = (
				45243DE41D498CB600E22E99 /* OtherQuestionsViewController.swift */,
				45243DE51D498CB600E22E99 /* OtherQuestionsViewController.xib */,
				45243DE81D498DFD00E22E99 /* OtherQuestionsCollectionViewCell.swift */,
				45243DE91D498DFD00E22E99 /* OtherQuestionsCollectionViewCell.xib */,
			);
			path = "Other Questions";
			sourceTree = "<group>";
		};
		45AA6E171D2C986C007F6A29 /* Fonts */ = {
			isa = PBXGroup;
			children = (
				45AA6E091D2C9867007F6A29 /* Dosis-Bold.ttf */,
				45AA6E0A1D2C9867007F6A29 /* Dosis-Book.ttf */,
				45AA6E0B1D2C9867007F6A29 /* Dosis-ExtraBold.ttf */,
				45AA6E0C1D2C9867007F6A29 /* Dosis-ExtraLight.ttf */,
				45AA6E0D1D2C9867007F6A29 /* Dosis-Light.ttf */,
				45AA6E0E1D2C9867007F6A29 /* Dosis-Medium.ttf */,
				45AA6E0F1D2C9867007F6A29 /* Dosis-SemiBold.ttf */,
			);
			path = Fonts;
			sourceTree = "<group>";
		};
		45D993C81D2DDCC900775E30 /* Extensions */ = {
			isa = PBXGroup;
			children = (
				45D993C91D2DDCF100775E30 /* UINavigationController+BigBuzz.swift */,
				450CB2F31D3148E1001F6850 /* NSDate+BigBuzz.swift */,
				45243DEC1D49988600E22E99 /* UIColor+BigBuzz.swift */,
			);
			path = Extensions;
			sourceTree = "<group>";
		};
		6D836F0C11A54713D6F5BF10 /* Pods */ = {
			isa = PBXGroup;
			children = (
				13810BCDFA9F15C5C4C41F8F /* Pods-Big Buzz.debug.xcconfig */,
				2752011DBB2AB489EA9576B7 /* Pods-Big Buzz.release.xcconfig */,
			);
			name = Pods;
			sourceTree = "<group>";
		};
		9DD0B132BDE65240E450B5BB /* Frameworks */ = {
			isa = PBXGroup;
			children = (
				C44FB6B07518E58FEBDD71E9 /* Pods_Big_Buzz.framework */,
			);
			name = Frameworks;
			sourceTree = "<group>";
		};
/* End PBXGroup section */

/* Begin PBXNativeTarget section */
		4519DAD71D2804D7008AF99B /* Big Buzz */ = {
			isa = PBXNativeTarget;
			buildConfigurationList = 4519DAEA1D2804D8008AF99B /* Build configuration list for PBXNativeTarget "Big Buzz" */;
			buildPhases = (
				00B30D2215804593109F8DA2 /* [CP] Check Pods Manifest.lock */,
				4519DAD41D2804D7008AF99B /* Sources */,
				4519DAD51D2804D7008AF99B /* Frameworks */,
				4519DAD61D2804D7008AF99B /* Resources */,
				FA43A3C5C3810D1615103DB2 /* [CP] Embed Pods Frameworks */,
				405C665ACF3781C700E4FEDE /* [CP] Copy Pods Resources */,
			);
			buildRules = (
			);
			dependencies = (
			);
			name = "Big Buzz";
			productName = "Big Buzz";
			productReference = 4519DAD81D2804D7008AF99B /* Big Buzz.app */;
			productType = "com.apple.product-type.application";
		};
/* End PBXNativeTarget section */

/* Begin PBXProject section */
		4519DAD01D2804D7008AF99B /* Project object */ = {
			isa = PBXProject;
			attributes = {
				LastSwiftUpdateCheck = 0730;
				LastUpgradeCheck = 0730;
				ORGANIZATIONNAME = ARC;
				TargetAttributes = {
					4519DAD71D2804D7008AF99B = {
						CreatedOnToolsVersion = 7.3.1;
						DevelopmentTeam = 98E8SVTQ29;
						SystemCapabilities = {
							com.apple.Push = {
								enabled = 1;
							};
						};
					};
				};
			};
			buildConfigurationList = 4519DAD31D2804D7008AF99B /* Build configuration list for PBXProject "Big Buzz" */;
			compatibilityVersion = "Xcode 3.2";
			developmentRegion = English;
			hasScannedForEncodings = 0;
			knownRegions = (
				en,
				Base,
			);
			mainGroup = 4519DACF1D2804D7008AF99B;
			productRefGroup = 4519DAD91D2804D7008AF99B /* Products */;
			projectDirPath = "";
			projectRoot = "";
			targets = (
				4519DAD71D2804D7008AF99B /* Big Buzz */,
			);
		};
/* End PBXProject section */

/* Begin PBXResourcesBuildPhase section */
		4519DAD61D2804D7008AF99B /* Resources */ = {
			isa = PBXResourcesBuildPhase;
			buildActionMask = 2147483647;
			files = (
				45AA6E101D2C9867007F6A29 /* Dosis-Bold.ttf in Resources */,
				4519DAE61D2804D8008AF99B /* LaunchScreen.storyboard in Resources */,
				45AA6E131D2C9867007F6A29 /* Dosis-ExtraLight.ttf in Resources */,
				4519DAEE1D28066C008AF99B /* GoogleService-Info.plist in Resources */,
				45AA6E151D2C9867007F6A29 /* Dosis-Medium.ttf in Resources */,
				45AA6E121D2C9867007F6A29 /* Dosis-ExtraBold.ttf in Resources */,
				45AA6DEA1D2C7F81007F6A29 /* ResultsViewController.xib in Resources */,
				450CB3051D31D7ED001F6850 /* ArticleViewController.xib in Resources */,
				450CB2FA1D317F76001F6850 /* ResultsHeaderView.xib in Resources */,
				45AA6DE41D2C6B57007F6A29 /* QuestionViewController.xib in Resources */,
				45243DE71D498CB600E22E99 /* OtherQuestionsViewController.xib in Resources */,
				45AA6E161D2C9867007F6A29 /* Dosis-SemiBold.ttf in Resources */,
				45AA6E111D2C9867007F6A29 /* Dosis-Book.ttf in Resources */,
				450CB2FE1D3184E4001F6850 /* ResultsArticleTableViewCell.xib in Resources */,
				45AA6E141D2C9867007F6A29 /* Dosis-Light.ttf in Resources */,
				4519DAE31D2804D8008AF99B /* Assets.xcassets in Resources */,
				45243DEB1D498DFD00E22E99 /* OtherQuestionsCollectionViewCell.xib in Resources */,
			);
			runOnlyForDeploymentPostprocessing = 0;
		};
/* End PBXResourcesBuildPhase section */

/* Begin PBXShellScriptBuildPhase section */
		00B30D2215804593109F8DA2 /* [CP] Check Pods Manifest.lock */ = {
			isa = PBXShellScriptBuildPhase;
			buildActionMask = 2147483647;
			files = (
			);
			inputPaths = (
			);
			name = "[CP] Check Pods Manifest.lock";
			outputPaths = (
			);
			runOnlyForDeploymentPostprocessing = 0;
			shellPath = /bin/sh;
			shellScript = "diff \"${PODS_ROOT}/../Podfile.lock\" \"${PODS_ROOT}/Manifest.lock\" > /dev/null\nif [[ $? != 0 ]] ; then\n    cat << EOM\nerror: The sandbox is not in sync with the Podfile.lock. Run 'pod install' or update your CocoaPods installation.\nEOM\n    exit 1\nfi\n";
			showEnvVarsInLog = 0;
		};
		405C665ACF3781C700E4FEDE /* [CP] Copy Pods Resources */ = {
			isa = PBXShellScriptBuildPhase;
			buildActionMask = 2147483647;
			files = (
			);
			inputPaths = (
			);
			name = "[CP] Copy Pods Resources";
			outputPaths = (
			);
			runOnlyForDeploymentPostprocessing = 0;
			shellPath = /bin/sh;
			shellScript = "\"${SRCROOT}/Pods/Target Support Files/Pods-Big Buzz/Pods-Big Buzz-resources.sh\"\n";
			showEnvVarsInLog = 0;
		};
		FA43A3C5C3810D1615103DB2 /* [CP] Embed Pods Frameworks */ = {
			isa = PBXShellScriptBuildPhase;
			buildActionMask = 2147483647;
			files = (
			);
			inputPaths = (
			);
			name = "[CP] Embed Pods Frameworks";
			outputPaths = (
			);
			runOnlyForDeploymentPostprocessing = 0;
			shellPath = /bin/sh;
			shellScript = "\"${SRCROOT}/Pods/Target Support Files/Pods-Big Buzz/Pods-Big Buzz-frameworks.sh\"\n";
			showEnvVarsInLog = 0;
		};
/* End PBXShellScriptBuildPhase section */

/* Begin PBXSourcesBuildPhase section */
		4519DAD41D2804D7008AF99B /* Sources */ = {
			isa = PBXSourcesBuildPhase;
			buildActionMask = 2147483647;
			files = (
				45AA6DE61D2C6F85007F6A29 /* Question.swift in Sources */,
				45243DE61D498CB600E22E99 /* OtherQuestionsViewController.swift in Sources */,
				4502C87A1D479DEC00AC3015 /* QuestionManager.swift in Sources */,
				4519DADE1D2804D8008AF99B /* QuestionViewController.swift in Sources */,
				45B3427F1D453B7200CDA9BB /* APIKeys.swift in Sources */,
				45243DEA1D498DFD00E22E99 /* OtherQuestionsCollectionViewCell.swift in Sources */,
				450DE8F31D3C2B5400C887B5 /* UserDefaultsManager.swift in Sources */,
				450CB3001D318981001F6850 /* Article.swift in Sources */,
				450CB2F41D3148E1001F6850 /* NSDate+BigBuzz.swift in Sources */,
				450CB2F81D317F36001F6850 /* ResultsHeaderView.swift in Sources */,
				45243DED1D49988600E22E99 /* UIColor+BigBuzz.swift in Sources */,
				45D993CA1D2DDCF100775E30 /* UINavigationController+BigBuzz.swift in Sources */,
				4519DADC1D2804D8008AF99B /* AppDelegate.swift in Sources */,
				450CB3041D31D7ED001F6850 /* ArticleViewController.swift in Sources */,
				45AA6DE81D2C7F71007F6A29 /* ResultsViewController.swift in Sources */,
				450CB3081D3A882B001F6850 /* AnimationManager.swift in Sources */,
				450CB2FD1D3184E4001F6850 /* ResultsArticleTableViewCell.swift in Sources */,
			);
			runOnlyForDeploymentPostprocessing = 0;
		};
/* End PBXSourcesBuildPhase section */

/* Begin PBXVariantGroup section */
		4519DAE41D2804D8008AF99B /* LaunchScreen.storyboard */ = {
			isa = PBXVariantGroup;
			children = (
				4519DAE51D2804D8008AF99B /* Base */,
			);
			name = LaunchScreen.storyboard;
			sourceTree = "<group>";
		};
/* End PBXVariantGroup section */

/* Begin XCBuildConfiguration section */
		4519DAE81D2804D8008AF99B /* Debug */ = {
			isa = XCBuildConfiguration;
			buildSettings = {
				ALWAYS_SEARCH_USER_PATHS = NO;
				CLANG_ANALYZER_NONNULL = YES;
				CLANG_CXX_LANGUAGE_STANDARD = "gnu++0x";
				CLANG_CXX_LIBRARY = "libc++";
				CLANG_ENABLE_MODULES = YES;
				CLANG_ENABLE_OBJC_ARC = YES;
				CLANG_WARN_BOOL_CONVERSION = YES;
				CLANG_WARN_CONSTANT_CONVERSION = YES;
				CLANG_WARN_DIRECT_OBJC_ISA_USAGE = YES_ERROR;
				CLANG_WARN_EMPTY_BODY = YES;
				CLANG_WARN_ENUM_CONVERSION = YES;
				CLANG_WARN_INT_CONVERSION = YES;
				CLANG_WARN_OBJC_ROOT_CLASS = YES_ERROR;
				CLANG_WARN_UNREACHABLE_CODE = YES;
				CLANG_WARN__DUPLICATE_METHOD_MATCH = YES;
				"CODE_SIGN_IDENTITY[sdk=iphoneos*]" = "iPhone Developer";
				COPY_PHASE_STRIP = NO;
				DEBUG_INFORMATION_FORMAT = dwarf;
				ENABLE_STRICT_OBJC_MSGSEND = YES;
				ENABLE_TESTABILITY = YES;
				GCC_C_LANGUAGE_STANDARD = gnu99;
				GCC_DYNAMIC_NO_PIC = NO;
				GCC_NO_COMMON_BLOCKS = YES;
				GCC_OPTIMIZATION_LEVEL = 0;
				GCC_PREPROCESSOR_DEFINITIONS = (
					"DEBUG=1",
					"$(inherited)",
				);
				GCC_WARN_64_TO_32_BIT_CONVERSION = YES;
				GCC_WARN_ABOUT_RETURN_TYPE = YES_ERROR;
				GCC_WARN_UNDECLARED_SELECTOR = YES;
				GCC_WARN_UNINITIALIZED_AUTOS = YES_AGGRESSIVE;
				GCC_WARN_UNUSED_FUNCTION = YES;
				GCC_WARN_UNUSED_VARIABLE = YES;
				IPHONEOS_DEPLOYMENT_TARGET = 9.3;
				MTL_ENABLE_DEBUG_INFO = YES;
				ONLY_ACTIVE_ARCH = YES;
				SDKROOT = iphoneos;
				SWIFT_OPTIMIZATION_LEVEL = "-Onone";
			};
			name = Debug;
		};
		4519DAE91D2804D8008AF99B /* Release */ = {
			isa = XCBuildConfiguration;
			buildSettings = {
				ALWAYS_SEARCH_USER_PATHS = NO;
				CLANG_ANALYZER_NONNULL = YES;
				CLANG_CXX_LANGUAGE_STANDARD = "gnu++0x";
				CLANG_CXX_LIBRARY = "libc++";
				CLANG_ENABLE_MODULES = YES;
				CLANG_ENABLE_OBJC_ARC = YES;
				CLANG_WARN_BOOL_CONVERSION = YES;
				CLANG_WARN_CONSTANT_CONVERSION = YES;
				CLANG_WARN_DIRECT_OBJC_ISA_USAGE = YES_ERROR;
				CLANG_WARN_EMPTY_BODY = YES;
				CLANG_WARN_ENUM_CONVERSION = YES;
				CLANG_WARN_INT_CONVERSION = YES;
				CLANG_WARN_OBJC_ROOT_CLASS = YES_ERROR;
				CLANG_WARN_UNREACHABLE_CODE = YES;
				CLANG_WARN__DUPLICATE_METHOD_MATCH = YES;
				"CODE_SIGN_IDENTITY[sdk=iphoneos*]" = "iPhone Developer";
				COPY_PHASE_STRIP = NO;
				DEBUG_INFORMATION_FORMAT = "dwarf-with-dsym";
				ENABLE_NS_ASSERTIONS = NO;
				ENABLE_STRICT_OBJC_MSGSEND = YES;
				GCC_C_LANGUAGE_STANDARD = gnu99;
				GCC_NO_COMMON_BLOCKS = YES;
				GCC_WARN_64_TO_32_BIT_CONVERSION = YES;
				GCC_WARN_ABOUT_RETURN_TYPE = YES_ERROR;
				GCC_WARN_UNDECLARED_SELECTOR = YES;
				GCC_WARN_UNINITIALIZED_AUTOS = YES_AGGRESSIVE;
				GCC_WARN_UNUSED_FUNCTION = YES;
				GCC_WARN_UNUSED_VARIABLE = YES;
				IPHONEOS_DEPLOYMENT_TARGET = 9.3;
				MTL_ENABLE_DEBUG_INFO = NO;
				SDKROOT = iphoneos;
				VALIDATE_PRODUCT = YES;
			};
			name = Release;
		};
		4519DAEB1D2804D8008AF99B /* Debug */ = {
			isa = XCBuildConfiguration;
			baseConfigurationReference = 13810BCDFA9F15C5C4C41F8F /* Pods-Big Buzz.debug.xcconfig */;
			buildSettings = {
				ASSETCATALOG_COMPILER_APPICON_NAME = AppIcon;
				CODE_SIGN_IDENTITY = "iPhone Developer";
				INFOPLIST_FILE = "Big Buzz/Info.plist";
				IPHONEOS_DEPLOYMENT_TARGET = 8.0;
				LD_RUNPATH_SEARCH_PATHS = "$(inherited) @executable_path/Frameworks";
				PRODUCT_BUNDLE_IDENTIFIER = "com.arc.Big-Buzz";
				PRODUCT_NAME = "$(TARGET_NAME)";
			};
			name = Debug;
		};
		4519DAEC1D2804D8008AF99B /* Release */ = {
			isa = XCBuildConfiguration;
			baseConfigurationReference = 2752011DBB2AB489EA9576B7 /* Pods-Big Buzz.release.xcconfig */;
			buildSettings = {
				ASSETCATALOG_COMPILER_APPICON_NAME = AppIcon;
				CODE_SIGN_IDENTITY = "iPhone Developer";
				INFOPLIST_FILE = "Big Buzz/Info.plist";
				IPHONEOS_DEPLOYMENT_TARGET = 8.0;
				LD_RUNPATH_SEARCH_PATHS = "$(inherited) @executable_path/Frameworks";
				PRODUCT_BUNDLE_IDENTIFIER = "com.arc.Big-Buzz";
				PRODUCT_NAME = "$(TARGET_NAME)";
			};
			name = Release;
		};
/* End XCBuildConfiguration section */

/* Begin XCConfigurationList section */
		4519DAD31D2804D7008AF99B /* Build configuration list for PBXProject "Big Buzz" */ = {
			isa = XCConfigurationList;
			buildConfigurations = (
				4519DAE81D2804D8008AF99B /* Debug */,
				4519DAE91D2804D8008AF99B /* Release */,
			);
			defaultConfigurationIsVisible = 0;
			defaultConfigurationName = Release;
		};
		4519DAEA1D2804D8008AF99B /* Build configuration list for PBXNativeTarget "Big Buzz" */ = {
			isa = XCConfigurationList;
			buildConfigurations = (
				4519DAEB1D2804D8008AF99B /* Debug */,
				4519DAEC1D2804D8008AF99B /* Release */,
			);
			defaultConfigurationIsVisible = 0;
			defaultConfigurationName = Release;
		};
/* End XCConfigurationList section */
	};
	rootObject = 4519DAD01D2804D7008AF99B /* Project object */;
}
